
Microsoft Visual Studio Solution File, Format Version 12.00
# Visual Studio 14
VisualStudioVersion = 14.0.23107.0
MinimumVisualStudioVersion = 10.0.40219.1
Project("{FAE04EC0-301F-11D3-BF4B-00C04F79EFBC}") = "NamedPipeWrapper", "NamedPipeWrapper\NamedPipeWrapper.csproj", "{73152691-3CDE-46DF-8D04-7117747DFFE7}"
EndProject
Project("{FAE04EC0-301F-11D3-BF4B-00C04F79EFBC}") = "UnitTests", "UnitTests\UnitTests.csproj", "{5E77C76A-E765-445A-96E5-681CB5B9A68B}"
EndProject
Project("{FAE04EC0-301F-11D3-BF4B-00C04F79EFBC}") = "ExampleCLI", "ExampleCLI\ExampleCLI.csproj", "{82BCEFD9-194E-4FF7-A28B-CA1AE2A87BAC}"
EndProject
Project("{FAE04EC0-301F-11D3-BF4B-00C04F79EFBC}") = "ExampleGUI", "ExampleGUI\ExampleGUI.csproj", "{199E5EF6-D1FA-4662-BDD4-1D49A747AFF9}"
EndProject
Project("{FAE04EC0-301F-11D3-BF4B-00C04F79EFBC}") = "AnonymousPipeWrapper", "AnonymousPipeWrapper\AnonymousPipeWrapper.csproj", "{5608402C-B336-4722-A6A1-F27DF7C429DA}"
EndProject
Project("{FAE04EC0-301F-11D3-BF4B-00C04F79EFBC}") = "AnonymousClient", "AnonymousClient\AnonymousClient.csproj", "{E5479A81-06D4-4A9F-B600-8856C12B4EC0}"
EndProject
Project("{FAE04EC0-301F-11D3-BF4B-00C04F79EFBC}") = "AnonymousServer", "AnonymousServer\AnonymousServer.csproj", "{4C855720-AC19-4B6D-9629-322E6F29A770}"
EndProject
Global
	GlobalSection(SolutionConfigurationPlatforms) = preSolution
		Debug|Any CPU = Debug|Any CPU
		Debug|Mixed Platforms = Debug|Mixed Platforms
		Debug|x86 = Debug|x86
		Release|Any CPU = Release|Any CPU
		Release|Mixed Platforms = Release|Mixed Platforms
		Release|x86 = Release|x86
	EndGlobalSection
	GlobalSection(ProjectConfigurationPlatforms) = postSolution
		{73152691-3CDE-46DF-8D04-7117747DFFE7}.Debug|Any CPU.ActiveCfg = Debug|Any CPU
		{73152691-3CDE-46DF-8D04-7117747DFFE7}.Debug|Any CPU.Build.0 = Debug|Any CPU
		{73152691-3CDE-46DF-8D04-7117747DFFE7}.Debug|Mixed Platforms.ActiveCfg = Debug|Any CPU
		{73152691-3CDE-46DF-8D04-7117747DFFE7}.Debug|Mixed Platforms.Build.0 = Debug|Any CPU
		{73152691-3CDE-46DF-8D04-7117747DFFE7}.Debug|x86.ActiveCfg = Debug|Any CPU
		{73152691-3CDE-46DF-8D04-7117747DFFE7}.Release|Any CPU.ActiveCfg = Release|Any CPU
		{73152691-3CDE-46DF-8D04-7117747DFFE7}.Release|Any CPU.Build.0 = Release|Any CPU
		{73152691-3CDE-46DF-8D04-7117747DFFE7}.Release|Mixed Platforms.ActiveCfg = Release|Any CPU
		{73152691-3CDE-46DF-8D04-7117747DFFE7}.Release|Mixed Platforms.Build.0 = Release|Any CPU
		{73152691-3CDE-46DF-8D04-7117747DFFE7}.Release|x86.ActiveCfg = Release|Any CPU
		{5E77C76A-E765-445A-96E5-681CB5B9A68B}.Debug|Any CPU.ActiveCfg = Debug|Any CPU
		{5E77C76A-E765-445A-96E5-681CB5B9A68B}.Debug|Any CPU.Build.0 = Debug|Any CPU
		{5E77C76A-E765-445A-96E5-681CB5B9A68B}.Debug|Mixed Platforms.ActiveCfg = Debug|x86
		{5E77C76A-E765-445A-96E5-681CB5B9A68B}.Debug|Mixed Platforms.Build.0 = Debug|x86
		{5E77C76A-E765-445A-96E5-681CB5B9A68B}.Debug|x86.ActiveCfg = Debug|x86
		{5E77C76A-E765-445A-96E5-681CB5B9A68B}.Debug|x86.Build.0 = Debug|x86
		{5E77C76A-E765-445A-96E5-681CB5B9A68B}.Release|Any CPU.ActiveCfg = Release|x86
		{5E77C76A-E765-445A-96E5-681CB5B9A68B}.Release|Mixed Platforms.ActiveCfg = Release|x86
		{5E77C76A-E765-445A-96E5-681CB5B9A68B}.Release|Mixed Platforms.Build.0 = Release|x86
		{5E77C76A-E765-445A-96E5-681CB5B9A68B}.Release|x86.ActiveCfg = Release|x86
		{5E77C76A-E765-445A-96E5-681CB5B9A68B}.Release|x86.Build.0 = Release|x86
		{82BCEFD9-194E-4FF7-A28B-CA1AE2A87BAC}.Debug|Any CPU.ActiveCfg = Debug|Any CPU
		{82BCEFD9-194E-4FF7-A28B-CA1AE2A87BAC}.Debug|Any CPU.Build.0 = Debug|Any CPU
		{82BCEFD9-194E-4FF7-A28B-CA1AE2A87BAC}.Debug|Mixed Platforms.ActiveCfg = Debug|x86
		{82BCEFD9-194E-4FF7-A28B-CA1AE2A87BAC}.Debug|Mixed Platforms.Build.0 = Debug|x86
		{82BCEFD9-194E-4FF7-A28B-CA1AE2A87BAC}.Debug|x86.ActiveCfg = Debug|x86
		{82BCEFD9-194E-4FF7-A28B-CA1AE2A87BAC}.Debug|x86.Build.0 = Debug|x86
		{82BCEFD9-194E-4FF7-A28B-CA1AE2A87BAC}.Release|Any CPU.ActiveCfg = Release|x86
		{82BCEFD9-194E-4FF7-A28B-CA1AE2A87BAC}.Release|Mixed Platforms.ActiveCfg = Release|x86
		{82BCEFD9-194E-4FF7-A28B-CA1AE2A87BAC}.Release|Mixed Platforms.Build.0 = Release|x86
		{82BCEFD9-194E-4FF7-A28B-CA1AE2A87BAC}.Release|x86.ActiveCfg = Release|x86
		{82BCEFD9-194E-4FF7-A28B-CA1AE2A87BAC}.Release|x86.Build.0 = Release|x86
		{199E5EF6-D1FA-4662-BDD4-1D49A747AFF9}.Debug|Any CPU.ActiveCfg = Debug|Any CPU
		{199E5EF6-D1FA-4662-BDD4-1D49A747AFF9}.Debug|Any CPU.Build.0 = Debug|Any CPU
		{199E5EF6-D1FA-4662-BDD4-1D49A747AFF9}.Debug|Mixed Platforms.ActiveCfg = Debug|x86
		{199E5EF6-D1FA-4662-BDD4-1D49A747AFF9}.Debug|Mixed Platforms.Build.0 = Debug|x86
		{199E5EF6-D1FA-4662-BDD4-1D49A747AFF9}.Debug|x86.ActiveCfg = Debug|x86
		{199E5EF6-D1FA-4662-BDD4-1D49A747AFF9}.Debug|x86.Build.0 = Debug|x86
		{199E5EF6-D1FA-4662-BDD4-1D49A747AFF9}.Release|Any CPU.ActiveCfg = Release|x86
		{199E5EF6-D1FA-4662-BDD4-1D49A747AFF9}.Release|Mixed Platforms.ActiveCfg = Release|x86
		{199E5EF6-D1FA-4662-BDD4-1D49A747AFF9}.Release|Mixed Platforms.Build.0 = Release|x86
		{199E5EF6-D1FA-4662-BDD4-1D49A747AFF9}.Release|x86.ActiveCfg = Release|x86
		{199E5EF6-D1FA-4662-BDD4-1D49A747AFF9}.Release|x86.Build.0 = Release|x86
		{5608402C-B336-4722-A6A1-F27DF7C429DA}.Debug|Any CPU.ActiveCfg = Debug|Any CPU
		{5608402C-B336-4722-A6A1-F27DF7C429DA}.Debug|Any CPU.Build.0 = Debug|Any CPU
		{5608402C-B336-4722-A6A1-F27DF7C429DA}.Debug|Mixed Platforms.ActiveCfg = Debug|Any CPU
		{5608402C-B336-4722-A6A1-F27DF7C429DA}.Debug|Mixed Platforms.Build.0 = Debug|Any CPU
		{5608402C-B336-4722-A6A1-F27DF7C429DA}.Debug|x86.ActiveCfg = Debug|Any CPU
		{5608402C-B336-4722-A6A1-F27DF7C429DA}.Debug|x86.Build.0 = Debug|Any CPU
		{5608402C-B336-4722-A6A1-F27DF7C429DA}.Release|Any CPU.ActiveCfg = Release|Any CPU
		{5608402C-B336-4722-A6A1-F27DF7C429DA}.Release|Any CPU.Build.0 = Release|Any CPU
		{5608402C-B336-4722-A6A1-F27DF7C429DA}.Release|Mixed Platforms.ActiveCfg = Release|Any CPU
		{5608402C-B336-4722-A6A1-F27DF7C429DA}.Release|Mixed Platforms.Build.0 = Release|Any CPU
		{5608402C-B336-4722-A6A1-F27DF7C429DA}.Release|x86.ActiveCfg = Release|Any CPU
		{5608402C-B336-4722-A6A1-F27DF7C429DA}.Release|x86.Build.0 = Release|Any CPU
		{E5479A81-06D4-4A9F-B600-8856C12B4EC0}.Debug|Any CPU.ActiveCfg = Debug|Any CPU
		{E5479A81-06D4-4A9F-B600-8856C12B4EC0}.Debug|Any CPU.Build.0 = Debug|Any CPU
		{E5479A81-06D4-4A9F-B600-8856C12B4EC0}.Debug|Mixed Platforms.ActiveCfg = Debug|Any CPU
		{E5479A81-06D4-4A9F-B600-8856C12B4EC0}.Debug|Mixed Platforms.Build.0 = Debug|Any CPU
		{E5479A81-06D4-4A9F-B600-8856C12B4EC0}.Debug|x86.ActiveCfg = Debug|Any CPU
		{E5479A81-06D4-4A9F-B600-8856C12B4EC0}.Debug|x86.Build.0 = Debug|Any CPU
		{E5479A81-06D4-4A9F-B600-8856C12B4EC0}.Release|Any CPU.ActiveCfg = Release|Any CPU
		{E5479A81-06D4-4A9F-B600-8856C12B4EC0}.Release|Any CPU.Build.0 = Release|Any CPU
		{E5479A81-06D4-4A9F-B600-8856C12B4EC0}.Release|Mixed Platforms.ActiveCfg = Release|Any CPU
		{E5479A81-06D4-4A9F-B600-8856C12B4EC0}.Release|Mixed Platforms.Build.0 = Release|Any CPU
		{E5479A81-06D4-4A9F-B600-8856C12B4EC0}.Release|x86.ActiveCfg = Release|Any CPU
		{E5479A81-06D4-4A9F-B600-8856C12B4EC0}.Release|x86.Build.0 = Release|Any CPU
		{4C855720-AC19-4B6D-9629-322E6F29A770}.Debug|Any CPU.ActiveCfg = Debug|Any CPU
		{4C855720-AC19-4B6D-9629-322E6F29A770}.Debug|Any CPU.Build.0 = Debug|Any CPU
		{4C855720-AC19-4B6D-9629-322E6F29A770}.Debug|Mixed Platforms.ActiveCfg = Debug|Any CPU
		{4C855720-AC19-4B6D-9629-322E6F29A770}.Debug|Mixed Platforms.Build.0 = Debug|Any CPU
		{4C855720-AC19-4B6D-9629-322E6F29A770}.Debug|x86.ActiveCfg = Debug|Any CPU
		{4C855720-AC19-4B6D-9629-322E6F29A770}.Debug|x86.Build.0 = Debug|Any CPU
		{4C855720-AC19-4B6D-9629-322E6F29A770}.Release|Any CPU.ActiveCfg = Release|Any CPU
		{4C855720-AC19-4B6D-9629-322E6F29A770}.Release|Any CPU.Build.0 = Release|Any CPU
		{4C855720-AC19-4B6D-9629-322E6F29A770}.Release|Mixed Platforms.ActiveCfg = Release|Any CPU
		{4C855720-AC19-4B6D-9629-322E6F29A770}.Release|Mixed Platforms.Build.0 = Release|Any CPU
		{4C855720-AC19-4B6D-9629-322E6F29A770}.Release|x86.ActiveCfg = Release|Any CPU
		{4C855720-AC19-4B6D-9629-322E6F29A770}.Release|x86.Build.0 = Release|Any CPU
	EndGlobalSection
	GlobalSection(SolutionProperties) = preSolution
		HideSolutionNode = FALSE
	EndGlobalSection
	GlobalSection(CodealikeProperties) = postSolution
		SolutionGuid = c7a61f94-128a-4ec6-9b73-acf0c60328e3
	EndGlobalSection
EndGlobal
